{
  "name": "@albert/authentication",
  "version": "2.0.0",
  "lockfileVersion": 1,
  "requires": true,
  "dependencies": {
    "@albert/ui": {
      "version": "1.1.0-snapshot.584",
      "resolved": "https://nexus.sinqia.io/js/repository/npm-group/@albert/ui/-/ui-1.1.0-snapshot.584.tgz",
      "integrity": "sha512-pTAWDTJcxr6SLP8Cjk0e6y3GWEdmi2V/PN8e07/Xfenws66deuYN+rscEkRh1d41qMit4yx5cOgIyTrI7NdmJg==",
      "requires": {
        "tslib": "^1.10.0"
      },
      "dependencies": {
        "tslib": {
          "version": "1.14.1",
          "resolved": "https://nexus.sinqia.io/js/repository/npm-group/tslib/-/tslib-1.14.1.tgz",
          "integrity": "sha512-Xni35NKzjgMrwevysHTCArtLDpPvye8zV/0E4EyYn43P7/7qvQwPh9BGkHewbMulVntbigmcT7rdX3BNo9wRJg=="
        }
      }
    },
    "angular-auth-oidc-client": {
      "version": "11.6.10",
      "resolved": "https://registry.npmjs.org/angular-auth-oidc-client/-/angular-auth-oidc-client-11.6.10.tgz",
      "integrity": "sha512-VZhnBsl1J5wP0AxKxnw3WHM8JkFXevpIzrNqqwkQeaNejW18Ssr46yaJ4ayYw2mMjyj9SkNHjKUN/Lb/NcGMQQ==",
      "requires": {
        "common-tags": "^1.8.0",
        "jsrsasign-reduced": "^8.0.15",
        "tslib": "^2.0.0"
      }
    },
    "common-tags": {
      "version": "1.8.0",
      "resolved": "https://registry.npmjs.org/common-tags/-/common-tags-1.8.0.tgz",
      "integrity": "sha512-6P6g0uetGpW/sdyUy/iQQCbFF0kWVMSIVSyYz7Zgjcgh8mgw8PQzDNZeyZ5DQ2gM7LBoZPHmnjz8rUthkBG5tw=="
    },
    "jsrsasign-reduced": {
      "version": "8.0.15",
      "resolved": "https://registry.npmjs.org/jsrsasign-reduced/-/jsrsasign-reduced-8.0.15.tgz",
      "integrity": "sha512-Ig4W69nXCIUedzOSk3nqJWUr2DmSDENYfsmCqVK33GPETtPcjwREGQc92hV5jcJ6zavMvGD4tjhZ+T7JIiaSLA=="
    },
    "tslib": {
      "version": "2.2.0",
      "resolved": "https://nexus.sinqia.io/js/repository/npm-group/tslib/-/tslib-2.2.0.tgz",
      "integrity": "sha512-gS9GVHRU+RGn5KQM2rllAlR3dU6m7AcpJKdtH8gFvQiC4Otgk98XnmMU+nZenHt/+VhnBPWwgrJsyrdcw6i23w=="
    }
  }
}
